
Microsoft Visual Studio Solution File, Format Version 12.00
# Visual Studio Version 16
VisualStudioVersion = 16.0.29709.97
MinimumVisualStudioVersion = 10.0.40219.1
Project("{9A19103F-16F7-4668-BE54-9A1E7A4F7556}") = "P01.OddLines", "P01.OddLines\P01.OddLines.csproj", "{A9A1CBFE-9F3B-4351-ABEF-E0E7889BF2CB}"
EndProject
Project("{9A19103F-16F7-4668-BE54-9A1E7A4F7556}") = "P03.LineNumbers", "P03.LineNumbers\P03.LineNumbers.csproj", "{D1D4C7AB-C66A-4777-BEC7-73FE30360605}"
EndProject
Project("{9A19103F-16F7-4668-BE54-9A1E7A4F7556}") = "P04.LineNumbers", "P04.LineNumbers\P04.LineNumbers.csproj", "{04E6DDC3-D50B-4AB8-B03A-B844B14C135B}"
EndProject
Project("{9A19103F-16F7-4668-BE54-9A1E7A4F7556}") = "P06.MergeFiles", "P06.MergeFiles\P06.MergeFiles.csproj", "{729E4912-662B-4A99-A6E9-4A12AB197494}"
EndProject
Project("{9A19103F-16F7-4668-BE54-9A1E7A4F7556}") = "P07.SliceAFile", "P07.SliceAFile\P07.SliceAFile.csproj", "{F6519DE6-EF94-498C-BB83-80F8CAFBBD6C}"
EndProject
Project("{9A19103F-16F7-4668-BE54-9A1E7A4F7556}") = "P08.FolderSize", "P08.FolderSize\P08.FolderSize.csproj", "{4332D441-1452-4738-BFCC-7CB4EE30683A}"
EndProject
Project("{9A19103F-16F7-4668-BE54-9A1E7A4F7556}") = "P09.CopyBinaryFile", "P09.CopyBinaryFile\P09.CopyBinaryFile.csproj", "{C113EE68-098C-4B70-A1ED-30D3AEB2B83E}"
EndProject
Project("{9A19103F-16F7-4668-BE54-9A1E7A4F7556}") = "P10.DirectoryTraversal", "P10.DirectoryTraversal\P10.DirectoryTraversal.csproj", "{538DD823-4DD1-4167-B836-FCC57D8383BE}"
EndProject
Project("{9A19103F-16F7-4668-BE54-9A1E7A4F7556}") = "P05.WordCount", "P05.WordCount\P05.WordCount.csproj", "{FC240787-DCAE-4A7A-AB01-46857BD7BE12}"
EndProject
Project("{9A19103F-16F7-4668-BE54-9A1E7A4F7556}") = "P02.EvenLines", "P02.EvenLines\P02.EvenLines.csproj", "{8C7F8A71-41BF-4731-8557-D0498DFCE1A3}"
EndProject
Project("{9A19103F-16F7-4668-BE54-9A1E7A4F7556}") = "P11.ZipAndExtract", "P11.ZipAndExtract\P11.ZipAndExtract.csproj", "{009EABF9-6FBC-4C3A-BF69-EAD9F66E44AD}"
EndProject
Global
	GlobalSection(SolutionConfigurationPlatforms) = preSolution
		Debug|Any CPU = Debug|Any CPU
		Release|Any CPU = Release|Any CPU
	EndGlobalSection
	GlobalSection(ProjectConfigurationPlatforms) = postSolution
		{A9A1CBFE-9F3B-4351-ABEF-E0E7889BF2CB}.Debug|Any CPU.ActiveCfg = Debug|Any CPU
		{A9A1CBFE-9F3B-4351-ABEF-E0E7889BF2CB}.Debug|Any CPU.Build.0 = Debug|Any CPU
		{A9A1CBFE-9F3B-4351-ABEF-E0E7889BF2CB}.Release|Any CPU.ActiveCfg = Release|Any CPU
		{A9A1CBFE-9F3B-4351-ABEF-E0E7889BF2CB}.Release|Any CPU.Build.0 = Release|Any CPU
		{D1D4C7AB-C66A-4777-BEC7-73FE30360605}.Debug|Any CPU.ActiveCfg = Debug|Any CPU
		{D1D4C7AB-C66A-4777-BEC7-73FE30360605}.Debug|Any CPU.Build.0 = Debug|Any CPU
		{D1D4C7AB-C66A-4777-BEC7-73FE30360605}.Release|Any CPU.ActiveCfg = Release|Any CPU
		{D1D4C7AB-C66A-4777-BEC7-73FE30360605}.Release|Any CPU.Build.0 = Release|Any CPU
		{04E6DDC3-D50B-4AB8-B03A-B844B14C135B}.Debug|Any CPU.ActiveCfg = Debug|Any CPU
		{04E6DDC3-D50B-4AB8-B03A-B844B14C135B}.Debug|Any CPU.Build.0 = Debug|Any CPU
		{04E6DDC3-D50B-4AB8-B03A-B844B14C135B}.Release|Any CPU.ActiveCfg = Release|Any CPU
		{04E6DDC3-D50B-4AB8-B03A-B844B14C135B}.Release|Any CPU.Build.0 = Release|Any CPU
		{729E4912-662B-4A99-A6E9-4A12AB197494}.Debug|Any CPU.ActiveCfg = Debug|Any CPU
		{729E4912-662B-4A99-A6E9-4A12AB197494}.Debug|Any CPU.Build.0 = Debug|Any CPU
		{729E4912-662B-4A99-A6E9-4A12AB197494}.Release|Any CPU.ActiveCfg = Release|Any CPU
		{729E4912-662B-4A99-A6E9-4A12AB197494}.Release|Any CPU.Build.0 = Release|Any CPU
		{F6519DE6-EF94-498C-BB83-80F8CAFBBD6C}.Debug|Any CPU.ActiveCfg = Debug|Any CPU
		{F6519DE6-EF94-498C-BB83-80F8CAFBBD6C}.Debug|Any CPU.Build.0 = Debug|Any CPU
		{F6519DE6-EF94-498C-BB83-80F8CAFBBD6C}.Release|Any CPU.ActiveCfg = Release|Any CPU
		{F6519DE6-EF94-498C-BB83-80F8CAFBBD6C}.Release|Any CPU.Build.0 = Release|Any CPU
		{4332D441-1452-4738-BFCC-7CB4EE30683A}.Debug|Any CPU.ActiveCfg = Debug|Any CPU
		{4332D441-1452-4738-BFCC-7CB4EE30683A}.Debug|Any CPU.Build.0 = Debug|Any CPU
		{4332D441-1452-4738-BFCC-7CB4EE30683A}.Release|Any CPU.ActiveCfg = Release|Any CPU
		{4332D441-1452-4738-BFCC-7CB4EE30683A}.Release|Any CPU.Build.0 = Release|Any CPU
		{C113EE68-098C-4B70-A1ED-30D3AEB2B83E}.Debug|Any CPU.ActiveCfg = Debug|Any CPU
		{C113EE68-098C-4B70-A1ED-30D3AEB2B83E}.Debug|Any CPU.Build.0 = Debug|Any CPU
		{C113EE68-098C-4B70-A1ED-30D3AEB2B83E}.Release|Any CPU.ActiveCfg = Release|Any CPU
		{C113EE68-098C-4B70-A1ED-30D3AEB2B83E}.Release|Any CPU.Build.0 = Release|Any CPU
		{538DD823-4DD1-4167-B836-FCC57D8383BE}.Debug|Any CPU.ActiveCfg = Debug|Any CPU
		{538DD823-4DD1-4167-B836-FCC57D8383BE}.Debug|Any CPU.Build.0 = Debug|Any CPU
		{538DD823-4DD1-4167-B836-FCC57D8383BE}.Release|Any CPU.ActiveCfg = Release|Any CPU
		{538DD823-4DD1-4167-B836-FCC57D8383BE}.Release|Any CPU.Build.0 = Release|Any CPU
		{FC240787-DCAE-4A7A-AB01-46857BD7BE12}.Debug|Any CPU.ActiveCfg = Debug|Any CPU
		{FC240787-DCAE-4A7A-AB01-46857BD7BE12}.Debug|Any CPU.Build.0 = Debug|Any CPU
		{FC240787-DCAE-4A7A-AB01-46857BD7BE12}.Release|Any CPU.ActiveCfg = Release|Any CPU
		{FC240787-DCAE-4A7A-AB01-46857BD7BE12}.Release|Any CPU.Build.0 = Release|Any CPU
		{8C7F8A71-41BF-4731-8557-D0498DFCE1A3}.Debug|Any CPU.ActiveCfg = Debug|Any CPU
		{8C7F8A71-41BF-4731-8557-D0498DFCE1A3}.Debug|Any CPU.Build.0 = Debug|Any CPU
		{8C7F8A71-41BF-4731-8557-D0498DFCE1A3}.Release|Any CPU.ActiveCfg = Release|Any CPU
		{8C7F8A71-41BF-4731-8557-D0498DFCE1A3}.Release|Any CPU.Build.0 = Release|Any CPU
		{009EABF9-6FBC-4C3A-BF69-EAD9F66E44AD}.Debug|Any CPU.ActiveCfg = Debug|Any CPU
		{009EABF9-6FBC-4C3A-BF69-EAD9F66E44AD}.Debug|Any CPU.Build.0 = Debug|Any CPU
		{009EABF9-6FBC-4C3A-BF69-EAD9F66E44AD}.Release|Any CPU.ActiveCfg = Release|Any CPU
		{009EABF9-6FBC-4C3A-BF69-EAD9F66E44AD}.Release|Any CPU.Build.0 = Release|Any CPU
	EndGlobalSection
	GlobalSection(SolutionProperties) = preSolution
		HideSolutionNode = FALSE
	EndGlobalSection
	GlobalSection(ExtensibilityGlobals) = postSolution
		SolutionGuid = {8B5BD500-22B3-4D8E-AEEC-720ED28CDF40}
	EndGlobalSection
EndGlobal
