
Microsoft Visual Studio Solution File, Format Version 12.00
# Visual Studio Version 16
VisualStudioVersion = 16.0.29806.167
MinimumVisualStudioVersion = 10.0.40219.1
Project("{9A19103F-16F7-4668-BE54-9A1E7A4F7556}") = "P01.StudentInformation", "P01.StudentInformation\P01.StudentInformation.csproj", "{EE755B77-E864-4F05-83D9-2CB59B37F5CC}"
EndProject
Project("{9A19103F-16F7-4668-BE54-9A1E7A4F7556}") = "P02.Passed", "P02.Passed\P02.Passed.csproj", "{014CC246-8C5E-4710-8382-3952A2110974}"
EndProject
Project("{9A19103F-16F7-4668-BE54-9A1E7A4F7556}") = "P03.PassedOrFailed", "P03.PassedOrFailed\P03.PassedOrFailed.csproj", "{A819CFE4-4A68-438A-9196-E3D9BBBC3E41}"
EndProject
Project("{9A19103F-16F7-4668-BE54-9A1E7A4F7556}") = "P04.BackIn30Minutes", "P04.BackIn30Minutes\P04.BackIn30Minutes.csproj", "{51CF1C1C-5039-416B-A841-DBCDF8BC44A2}"
EndProject
Project("{9A19103F-16F7-4668-BE54-9A1E7A4F7556}") = "P05.MonthPrinter", "P05.MonthPrinter\P05.MonthPrinter.csproj", "{6DB15884-3C0E-4FDE-8126-018CB24D9684}"
EndProject
Project("{9A19103F-16F7-4668-BE54-9A1E7A4F7556}") = "P06.ForeignLanguages", "P06.ForeignLanguages\P06.ForeignLanguages.csproj", "{B7CE1284-2986-4A76-AB57-C814D506FEB9}"
EndProject
Project("{9A19103F-16F7-4668-BE54-9A1E7A4F7556}") = "P07.TheatrePromotion", "P07.TheatrePromotion\P07.TheatrePromotion.csproj", "{8106C357-4E0A-4927-A5AF-F0D0AC5D5F44}"
EndProject
Project("{9A19103F-16F7-4668-BE54-9A1E7A4F7556}") = "P08.DivisibleBy3", "P08.DivisibleBy3\P08.DivisibleBy3.csproj", "{943B1933-B392-4171-8069-BC90297F5861}"
EndProject
Project("{9A19103F-16F7-4668-BE54-9A1E7A4F7556}") = "P09.SumOfOddNumbers", "P09.SumOfOddNumbers\P09.SumOfOddNumbers.csproj", "{77DC768D-9270-4EE9-8173-A3C8C593EE63}"
EndProject
Project("{9A19103F-16F7-4668-BE54-9A1E7A4F7556}") = "P10.MultiplicationTable", "P10.MultiplicationTable\P10.MultiplicationTable.csproj", "{F05A9BDD-742E-482E-A708-5B40ED6992EF}"
EndProject
Project("{9A19103F-16F7-4668-BE54-9A1E7A4F7556}") = "P11.MultiplicationTable2.0", "P11.MultiplicationTable2.0\P11.MultiplicationTable2.0.csproj", "{7260D10A-B256-458D-A2BE-9BFC5C22C975}"
EndProject
Project("{9A19103F-16F7-4668-BE54-9A1E7A4F7556}") = "P12.EvenNumber", "P12.EvenNumber\P12.EvenNumber.csproj", "{AB719703-D781-4F99-8E2B-5530BB18727B}"
EndProject
Project("{9A19103F-16F7-4668-BE54-9A1E7A4F7556}") = "P13.HolidaysBetweenTwoDates", "P13.HolidaysBetweenTwoDates\P13.HolidaysBetweenTwoDates.csproj", "{177ED5F1-94ED-4941-A47F-C380E59D88DA}"
EndProject
Project("{9A19103F-16F7-4668-BE54-9A1E7A4F7556}") = "P14.Ages", "P14.Ages\P14.Ages.csproj", "{1FE18819-84F8-4643-8987-1FDFFCC734FC}"
EndProject
Project("{9A19103F-16F7-4668-BE54-9A1E7A4F7556}") = "P15.Division", "P15.Division\P15.Division.csproj", "{78B2D319-1641-4F18-AD3B-4BEEB3A4D126}"
EndProject
Project("{9A19103F-16F7-4668-BE54-9A1E7A4F7556}") = "P16.Vacation", "P16.Vacation\P16.Vacation.csproj", "{89226D84-50F1-4A1C-B0C7-4A57633D8F7F}"
EndProject
Project("{9A19103F-16F7-4668-BE54-9A1E7A4F7556}") = "P17.PrintAndSum", "P17.PrintAndSum\P17.PrintAndSum.csproj", "{319FC240-858E-42AC-936A-6D8B83CA10F6}"
EndProject
Project("{9A19103F-16F7-4668-BE54-9A1E7A4F7556}") = "P18.Login", "P18.Login\P18.Login.csproj", "{2F8E8D4B-1030-407B-A2C9-013A43FE8ED6}"
EndProject
Project("{9A19103F-16F7-4668-BE54-9A1E7A4F7556}") = "P19.StrongNumber", "P19.StrongNumber\P19.StrongNumber.csproj", "{42AB8135-C491-48BF-8A3F-56B48EA7BFB9}"
EndProject
Project("{9A19103F-16F7-4668-BE54-9A1E7A4F7556}") = "P20.VendingMachine", "P20.VendingMachine\P20.VendingMachine.csproj", "{CA0CEE84-CD1C-4368-823E-07C2F89BAA3E}"
EndProject
Project("{9A19103F-16F7-4668-BE54-9A1E7A4F7556}") = "P21.TriangleOfNumbers", "P21.TriangleOfNumbers\P21.TriangleOfNumbers.csproj", "{1C1B081B-E4D9-4A2F-A19E-05490FC70BE4}"
EndProject
Project("{9A19103F-16F7-4668-BE54-9A1E7A4F7556}") = "P22.PadawanEquipment", "P22.PadawanEquipment\P22.PadawanEquipment.csproj", "{126E5331-EE59-4343-8D41-8B6A55D42489}"
EndProject
Project("{9A19103F-16F7-4668-BE54-9A1E7A4F7556}") = "P23.RageExpenses", "P23.RageExpenses\P23.RageExpenses.csproj", "{88601174-EB47-4637-9547-F75F2266E6E2}"
EndProject
Project("{9A19103F-16F7-4668-BE54-9A1E7A4F7556}") = "P24.SortNumbers", "P24.SortNumbers\P24.SortNumbers.csproj", "{6C9323C2-7942-4A31-A514-98B996443952}"
EndProject
Project("{9A19103F-16F7-4668-BE54-9A1E7A4F7556}") = "P25.EnglishNameOfTheLastDigit", "P25.EnglishNameOfTheLastDigit\P25.EnglishNameOfTheLastDigit.csproj", "{43273191-A449-49A3-A149-4177A9E98FD7}"
EndProject
Project("{9A19103F-16F7-4668-BE54-9A1E7A4F7556}") = "P26.GamingStore", "P26.GamingStore\P26.GamingStore.csproj", "{711D27DD-7D2F-46A0-8392-E88D6B918DEE}"
EndProject
Project("{9A19103F-16F7-4668-BE54-9A1E7A4F7556}") = "P27.ReverseString", "P27.ReverseString\P27.ReverseString.csproj", "{02095783-AE24-4B76-9287-59F7200E0A95}"
EndProject
Project("{9A19103F-16F7-4668-BE54-9A1E7A4F7556}") = "P28.Messages", "P28.Messages\P28.Messages.csproj", "{2B9B5A9D-D52D-4D32-B0BE-09F204A9D685}"
EndProject
Project("{9A19103F-16F7-4668-BE54-9A1E7A4F7556}") = "P29.Greeting", "P29.Greeting\P29.Greeting.csproj", "{9FB421CF-079D-439E-8B65-5521D8877DC8}"
EndProject
Project("{9A19103F-16F7-4668-BE54-9A1E7A4F7556}") = "P30.AddTwoNumbers", "P30.AddTwoNumbers\P30.AddTwoNumbers.csproj", "{6DC16C28-F468-49A4-AA81-AE3643A8CBBB}"
EndProject
Project("{9A19103F-16F7-4668-BE54-9A1E7A4F7556}") = "P31.EmployeeData", "P31.EmployeeData\P31.EmployeeData.csproj", "{24D8601D-B4AC-44F0-AFE4-95E79CD5C80E}"
EndProject
Project("{9A19103F-16F7-4668-BE54-9A1E7A4F7556}") = "P32.DebitCardNumber", "P32.DebitCardNumber\P32.DebitCardNumber.csproj", "{C61C9382-E0F4-40D3-9161-4A912BB122AE}"
EndProject
Project("{9A19103F-16F7-4668-BE54-9A1E7A4F7556}") = "P33.RectangleArea", "P33.RectangleArea\P33.RectangleArea.csproj", "{45C2E19D-4A3E-4A83-B6C6-0E61A64050B4}"
EndProject
Project("{9A19103F-16F7-4668-BE54-9A1E7A4F7556}") = "P34.MilesToKilometers", "P34.MilesToKilometers\P34.MilesToKilometers.csproj", "{143D4B47-549B-43C5-AE06-3194CE38B6C6}"
EndProject
Project("{9A19103F-16F7-4668-BE54-9A1E7A4F7556}") = "P35.BeverageLabels", "P35.BeverageLabels\P35.BeverageLabels.csproj", "{B229ED01-D3F8-4181-89B3-4C54DAFD4E35}"
EndProject
Project("{9A19103F-16F7-4668-BE54-9A1E7A4F7556}") = "P36.CharacterStats", "P36.CharacterStats\P36.CharacterStats.csproj", "{2DA5B093-83F7-41E3-B1D0-A99C8CE36E4C}"
EndProject
Project("{9A19103F-16F7-4668-BE54-9A1E7A4F7556}") = "P37.OddNumber", "P37.OddNumber\P37.OddNumber.csproj", "{AADB6323-6B8B-4E20-91D1-9D3C265F2E25}"
EndProject
Project("{9A19103F-16F7-4668-BE54-9A1E7A4F7556}") = "P38.NumberChecker", "P38.NumberChecker\P38.NumberChecker.csproj", "{F34D055A-A9E4-40A5-BC4B-1A854769D9E7}"
EndProject
Project("{9A19103F-16F7-4668-BE54-9A1E7A4F7556}") = "P39.ChooseADrink", "P39.ChooseADrink\P39.ChooseADrink.csproj", "{7853DFE8-5B1E-49C6-A556-387A2A40F92F}"
EndProject
Project("{9A19103F-16F7-4668-BE54-9A1E7A4F7556}") = "P40.ChooseADrink2.0", "P40.ChooseADrink2.0\P40.ChooseADrink2.0.csproj", "{95C90CBF-D411-4BC4-821A-1FB7AE19FD1B}"
EndProject
Project("{9A19103F-16F7-4668-BE54-9A1E7A4F7556}") = "P41.RestaurantDiscount", "P41.RestaurantDiscount\P41.RestaurantDiscount.csproj", "{D42C984A-4DC9-4152-9BA5-9AD51632F7F7}"
EndProject
Project("{9A19103F-16F7-4668-BE54-9A1E7A4F7556}") = "P42.Hotel", "P42.Hotel\P42.Hotel.csproj", "{CFEAF4E0-0030-4113-80B2-EE7C34090DEC}"
EndProject
Project("{9A19103F-16F7-4668-BE54-9A1E7A4F7556}") = "P43.WordInPlural", "P43.WordInPlural\P43.WordInPlural.csproj", "{8DA9A7BD-CA45-49A0-B4FB-ACEBE8AA051F}"
EndProject
Project("{9A19103F-16F7-4668-BE54-9A1E7A4F7556}") = "P44.IntervalOfNumbers", "P44.IntervalOfNumbers\P44.IntervalOfNumbers.csproj", "{72D016D1-28DE-4BB0-835C-BCA3E14F737B}"
EndProject
Project("{9A19103F-16F7-4668-BE54-9A1E7A4F7556}") = "P45.CakeIngredients", "P45.CakeIngredients\P45.CakeIngredients.csproj", "{0F519C96-C189-4E1D-B08E-38688238F5E3}"
EndProject
Project("{9A19103F-16F7-4668-BE54-9A1E7A4F7556}") = "P46.CaloriesCounter", "P46.CaloriesCounter\P46.CaloriesCounter.csproj", "{D0F8D611-CD15-4897-9004-89F133FCBB89}"
EndProject
Project("{9A19103F-16F7-4668-BE54-9A1E7A4F7556}") = "P47.CountTheIntegers", "P47.CountTheIntegers\P47.CountTheIntegers.csproj", "{73A39358-1180-483E-B26A-F517092F8527}"
EndProject
Project("{9A19103F-16F7-4668-BE54-9A1E7A4F7556}") = "P48.5DifferentNumbers", "P48.5DifferentNumbers\P48.5DifferentNumbers.csproj", "{CF147E83-A84B-425E-A88F-E9735D251716}"
EndProject
Project("{9A19103F-16F7-4668-BE54-9A1E7A4F7556}") = "P49.TestNumbers", "P49.TestNumbers\P49.TestNumbers.csproj", "{4D8C362F-B1D9-43E7-BADA-179C52671BDC}"
EndProject
Project("{9A19103F-16F7-4668-BE54-9A1E7A4F7556}") = "P50.GameOfNumbers", "P50.GameOfNumbers\P50.GameOfNumbers.csproj", "{58FE1906-9B00-41B4-BB01-00EF6744974A}"
EndProject
Project("{9A19103F-16F7-4668-BE54-9A1E7A4F7556}") = "P51.MagicLetter", "P51.MagicLetter\P51.MagicLetter.csproj", "{90439CED-C065-4DE0-BF73-AA2232DDAB2C}"
EndProject
Project("{9A19103F-16F7-4668-BE54-9A1E7A4F7556}") = "P52.NeighbourWars", "P52.NeighbourWars\P52.NeighbourWars.csproj", "{01F2B933-8927-47C6-988D-964E39470C80}"
EndProject
Project("{9A19103F-16F7-4668-BE54-9A1E7A4F7556}") = "P53.X", "P53.X\P53.X.csproj", "{4E1DA4C8-D6D5-4CE5-99B4-DF6B4F71D286}"
EndProject
Project("{9A19103F-16F7-4668-BE54-9A1E7A4F7556}") = "P54.VaporStore", "P54.VaporStore\P54.VaporStore.csproj", "{82A74218-4C23-4D8F-B709-1C4F651E83AB}"
EndProject
Project("{9A19103F-16F7-4668-BE54-9A1E7A4F7556}") = "P55.Megapixels", "P55.Megapixels\P55.Megapixels.csproj", "{BD20CCEC-4B66-404D-9C12-EE7F92BB6041}"
EndProject
Project("{9A19103F-16F7-4668-BE54-9A1E7A4F7556}") = "P56.PhotoGallery", "P56.PhotoGallery\P56.PhotoGallery.csproj", "{6E32F114-F531-474C-B67C-6024A8AE6153}"
EndProject
Project("{9A19103F-16F7-4668-BE54-9A1E7A4F7556}") = "P57.BPMCounter", "P57.BPMCounter\P57.BPMCounter.csproj", "{ACFB0FA5-7237-40B0-8C16-B19F0E6DB3A3}"
EndProject
Project("{9A19103F-16F7-4668-BE54-9A1E7A4F7556}") = "P58.DNASequences", "P58.DNASequences\P58.DNASequences.csproj", "{1FC59C20-AA2A-4A7C-8D1C-6867BB9E043F}"
EndProject
Project("{9A19103F-16F7-4668-BE54-9A1E7A4F7556}") = "P59.TrainingHallEquipment", "P59.TrainingHallEquipment\P59.TrainingHallEquipment.csproj", "{53D2DAF4-EBA8-411F-B50F-3B12E95E602D}"
EndProject
Project("{9A19103F-16F7-4668-BE54-9A1E7A4F7556}") = "P60.SMSTyping", "P60.SMSTyping\P60.SMSTyping.csproj", "{9FC973F7-60DB-48C4-8780-F2831ECB7CEB}"
EndProject
Global
	GlobalSection(SolutionConfigurationPlatforms) = preSolution
		Debug|Any CPU = Debug|Any CPU
		Release|Any CPU = Release|Any CPU
	EndGlobalSection
	GlobalSection(ProjectConfigurationPlatforms) = postSolution
		{EE755B77-E864-4F05-83D9-2CB59B37F5CC}.Debug|Any CPU.ActiveCfg = Debug|Any CPU
		{EE755B77-E864-4F05-83D9-2CB59B37F5CC}.Debug|Any CPU.Build.0 = Debug|Any CPU
		{EE755B77-E864-4F05-83D9-2CB59B37F5CC}.Release|Any CPU.ActiveCfg = Release|Any CPU
		{EE755B77-E864-4F05-83D9-2CB59B37F5CC}.Release|Any CPU.Build.0 = Release|Any CPU
		{014CC246-8C5E-4710-8382-3952A2110974}.Debug|Any CPU.ActiveCfg = Debug|Any CPU
		{014CC246-8C5E-4710-8382-3952A2110974}.Debug|Any CPU.Build.0 = Debug|Any CPU
		{014CC246-8C5E-4710-8382-3952A2110974}.Release|Any CPU.ActiveCfg = Release|Any CPU
		{014CC246-8C5E-4710-8382-3952A2110974}.Release|Any CPU.Build.0 = Release|Any CPU
		{A819CFE4-4A68-438A-9196-E3D9BBBC3E41}.Debug|Any CPU.ActiveCfg = Debug|Any CPU
		{A819CFE4-4A68-438A-9196-E3D9BBBC3E41}.Debug|Any CPU.Build.0 = Debug|Any CPU
		{A819CFE4-4A68-438A-9196-E3D9BBBC3E41}.Release|Any CPU.ActiveCfg = Release|Any CPU
		{A819CFE4-4A68-438A-9196-E3D9BBBC3E41}.Release|Any CPU.Build.0 = Release|Any CPU
		{51CF1C1C-5039-416B-A841-DBCDF8BC44A2}.Debug|Any CPU.ActiveCfg = Debug|Any CPU
		{51CF1C1C-5039-416B-A841-DBCDF8BC44A2}.Debug|Any CPU.Build.0 = Debug|Any CPU
		{51CF1C1C-5039-416B-A841-DBCDF8BC44A2}.Release|Any CPU.ActiveCfg = Release|Any CPU
		{51CF1C1C-5039-416B-A841-DBCDF8BC44A2}.Release|Any CPU.Build.0 = Release|Any CPU
		{6DB15884-3C0E-4FDE-8126-018CB24D9684}.Debug|Any CPU.ActiveCfg = Debug|Any CPU
		{6DB15884-3C0E-4FDE-8126-018CB24D9684}.Debug|Any CPU.Build.0 = Debug|Any CPU
		{6DB15884-3C0E-4FDE-8126-018CB24D9684}.Release|Any CPU.ActiveCfg = Release|Any CPU
		{6DB15884-3C0E-4FDE-8126-018CB24D9684}.Release|Any CPU.Build.0 = Release|Any CPU
		{B7CE1284-2986-4A76-AB57-C814D506FEB9}.Debug|Any CPU.ActiveCfg = Debug|Any CPU
		{B7CE1284-2986-4A76-AB57-C814D506FEB9}.Debug|Any CPU.Build.0 = Debug|Any CPU
		{B7CE1284-2986-4A76-AB57-C814D506FEB9}.Release|Any CPU.ActiveCfg = Release|Any CPU
		{B7CE1284-2986-4A76-AB57-C814D506FEB9}.Release|Any CPU.Build.0 = Release|Any CPU
		{8106C357-4E0A-4927-A5AF-F0D0AC5D5F44}.Debug|Any CPU.ActiveCfg = Debug|Any CPU
		{8106C357-4E0A-4927-A5AF-F0D0AC5D5F44}.Debug|Any CPU.Build.0 = Debug|Any CPU
		{8106C357-4E0A-4927-A5AF-F0D0AC5D5F44}.Release|Any CPU.ActiveCfg = Release|Any CPU
		{8106C357-4E0A-4927-A5AF-F0D0AC5D5F44}.Release|Any CPU.Build.0 = Release|Any CPU
		{943B1933-B392-4171-8069-BC90297F5861}.Debug|Any CPU.ActiveCfg = Debug|Any CPU
		{943B1933-B392-4171-8069-BC90297F5861}.Debug|Any CPU.Build.0 = Debug|Any CPU
		{943B1933-B392-4171-8069-BC90297F5861}.Release|Any CPU.ActiveCfg = Release|Any CPU
		{943B1933-B392-4171-8069-BC90297F5861}.Release|Any CPU.Build.0 = Release|Any CPU
		{77DC768D-9270-4EE9-8173-A3C8C593EE63}.Debug|Any CPU.ActiveCfg = Debug|Any CPU
		{77DC768D-9270-4EE9-8173-A3C8C593EE63}.Debug|Any CPU.Build.0 = Debug|Any CPU
		{77DC768D-9270-4EE9-8173-A3C8C593EE63}.Release|Any CPU.ActiveCfg = Release|Any CPU
		{77DC768D-9270-4EE9-8173-A3C8C593EE63}.Release|Any CPU.Build.0 = Release|Any CPU
		{F05A9BDD-742E-482E-A708-5B40ED6992EF}.Debug|Any CPU.ActiveCfg = Debug|Any CPU
		{F05A9BDD-742E-482E-A708-5B40ED6992EF}.Debug|Any CPU.Build.0 = Debug|Any CPU
		{F05A9BDD-742E-482E-A708-5B40ED6992EF}.Release|Any CPU.ActiveCfg = Release|Any CPU
		{F05A9BDD-742E-482E-A708-5B40ED6992EF}.Release|Any CPU.Build.0 = Release|Any CPU
		{7260D10A-B256-458D-A2BE-9BFC5C22C975}.Debug|Any CPU.ActiveCfg = Debug|Any CPU
		{7260D10A-B256-458D-A2BE-9BFC5C22C975}.Debug|Any CPU.Build.0 = Debug|Any CPU
		{7260D10A-B256-458D-A2BE-9BFC5C22C975}.Release|Any CPU.ActiveCfg = Release|Any CPU
		{7260D10A-B256-458D-A2BE-9BFC5C22C975}.Release|Any CPU.Build.0 = Release|Any CPU
		{AB719703-D781-4F99-8E2B-5530BB18727B}.Debug|Any CPU.ActiveCfg = Debug|Any CPU
		{AB719703-D781-4F99-8E2B-5530BB18727B}.Debug|Any CPU.Build.0 = Debug|Any CPU
		{AB719703-D781-4F99-8E2B-5530BB18727B}.Release|Any CPU.ActiveCfg = Release|Any CPU
		{AB719703-D781-4F99-8E2B-5530BB18727B}.Release|Any CPU.Build.0 = Release|Any CPU
		{177ED5F1-94ED-4941-A47F-C380E59D88DA}.Debug|Any CPU.ActiveCfg = Debug|Any CPU
		{177ED5F1-94ED-4941-A47F-C380E59D88DA}.Debug|Any CPU.Build.0 = Debug|Any CPU
		{177ED5F1-94ED-4941-A47F-C380E59D88DA}.Release|Any CPU.ActiveCfg = Release|Any CPU
		{177ED5F1-94ED-4941-A47F-C380E59D88DA}.Release|Any CPU.Build.0 = Release|Any CPU
		{1FE18819-84F8-4643-8987-1FDFFCC734FC}.Debug|Any CPU.ActiveCfg = Debug|Any CPU
		{1FE18819-84F8-4643-8987-1FDFFCC734FC}.Debug|Any CPU.Build.0 = Debug|Any CPU
		{1FE18819-84F8-4643-8987-1FDFFCC734FC}.Release|Any CPU.ActiveCfg = Release|Any CPU
		{1FE18819-84F8-4643-8987-1FDFFCC734FC}.Release|Any CPU.Build.0 = Release|Any CPU
		{78B2D319-1641-4F18-AD3B-4BEEB3A4D126}.Debug|Any CPU.ActiveCfg = Debug|Any CPU
		{78B2D319-1641-4F18-AD3B-4BEEB3A4D126}.Debug|Any CPU.Build.0 = Debug|Any CPU
		{78B2D319-1641-4F18-AD3B-4BEEB3A4D126}.Release|Any CPU.ActiveCfg = Release|Any CPU
		{78B2D319-1641-4F18-AD3B-4BEEB3A4D126}.Release|Any CPU.Build.0 = Release|Any CPU
		{89226D84-50F1-4A1C-B0C7-4A57633D8F7F}.Debug|Any CPU.ActiveCfg = Debug|Any CPU
		{89226D84-50F1-4A1C-B0C7-4A57633D8F7F}.Debug|Any CPU.Build.0 = Debug|Any CPU
		{89226D84-50F1-4A1C-B0C7-4A57633D8F7F}.Release|Any CPU.ActiveCfg = Release|Any CPU
		{89226D84-50F1-4A1C-B0C7-4A57633D8F7F}.Release|Any CPU.Build.0 = Release|Any CPU
		{319FC240-858E-42AC-936A-6D8B83CA10F6}.Debug|Any CPU.ActiveCfg = Debug|Any CPU
		{319FC240-858E-42AC-936A-6D8B83CA10F6}.Debug|Any CPU.Build.0 = Debug|Any CPU
		{319FC240-858E-42AC-936A-6D8B83CA10F6}.Release|Any CPU.ActiveCfg = Release|Any CPU
		{319FC240-858E-42AC-936A-6D8B83CA10F6}.Release|Any CPU.Build.0 = Release|Any CPU
		{2F8E8D4B-1030-407B-A2C9-013A43FE8ED6}.Debug|Any CPU.ActiveCfg = Debug|Any CPU
		{2F8E8D4B-1030-407B-A2C9-013A43FE8ED6}.Debug|Any CPU.Build.0 = Debug|Any CPU
		{2F8E8D4B-1030-407B-A2C9-013A43FE8ED6}.Release|Any CPU.ActiveCfg = Release|Any CPU
		{2F8E8D4B-1030-407B-A2C9-013A43FE8ED6}.Release|Any CPU.Build.0 = Release|Any CPU
		{42AB8135-C491-48BF-8A3F-56B48EA7BFB9}.Debug|Any CPU.ActiveCfg = Debug|Any CPU
		{42AB8135-C491-48BF-8A3F-56B48EA7BFB9}.Debug|Any CPU.Build.0 = Debug|Any CPU
		{42AB8135-C491-48BF-8A3F-56B48EA7BFB9}.Release|Any CPU.ActiveCfg = Release|Any CPU
		{42AB8135-C491-48BF-8A3F-56B48EA7BFB9}.Release|Any CPU.Build.0 = Release|Any CPU
		{CA0CEE84-CD1C-4368-823E-07C2F89BAA3E}.Debug|Any CPU.ActiveCfg = Debug|Any CPU
		{CA0CEE84-CD1C-4368-823E-07C2F89BAA3E}.Debug|Any CPU.Build.0 = Debug|Any CPU
		{CA0CEE84-CD1C-4368-823E-07C2F89BAA3E}.Release|Any CPU.ActiveCfg = Release|Any CPU
		{CA0CEE84-CD1C-4368-823E-07C2F89BAA3E}.Release|Any CPU.Build.0 = Release|Any CPU
		{1C1B081B-E4D9-4A2F-A19E-05490FC70BE4}.Debug|Any CPU.ActiveCfg = Debug|Any CPU
		{1C1B081B-E4D9-4A2F-A19E-05490FC70BE4}.Debug|Any CPU.Build.0 = Debug|Any CPU
		{1C1B081B-E4D9-4A2F-A19E-05490FC70BE4}.Release|Any CPU.ActiveCfg = Release|Any CPU
		{1C1B081B-E4D9-4A2F-A19E-05490FC70BE4}.Release|Any CPU.Build.0 = Release|Any CPU
		{126E5331-EE59-4343-8D41-8B6A55D42489}.Debug|Any CPU.ActiveCfg = Debug|Any CPU
		{126E5331-EE59-4343-8D41-8B6A55D42489}.Debug|Any CPU.Build.0 = Debug|Any CPU
		{126E5331-EE59-4343-8D41-8B6A55D42489}.Release|Any CPU.ActiveCfg = Release|Any CPU
		{126E5331-EE59-4343-8D41-8B6A55D42489}.Release|Any CPU.Build.0 = Release|Any CPU
		{88601174-EB47-4637-9547-F75F2266E6E2}.Debug|Any CPU.ActiveCfg = Debug|Any CPU
		{88601174-EB47-4637-9547-F75F2266E6E2}.Debug|Any CPU.Build.0 = Debug|Any CPU
		{88601174-EB47-4637-9547-F75F2266E6E2}.Release|Any CPU.ActiveCfg = Release|Any CPU
		{88601174-EB47-4637-9547-F75F2266E6E2}.Release|Any CPU.Build.0 = Release|Any CPU
		{6C9323C2-7942-4A31-A514-98B996443952}.Debug|Any CPU.ActiveCfg = Debug|Any CPU
		{6C9323C2-7942-4A31-A514-98B996443952}.Debug|Any CPU.Build.0 = Debug|Any CPU
		{6C9323C2-7942-4A31-A514-98B996443952}.Release|Any CPU.ActiveCfg = Release|Any CPU
		{6C9323C2-7942-4A31-A514-98B996443952}.Release|Any CPU.Build.0 = Release|Any CPU
		{43273191-A449-49A3-A149-4177A9E98FD7}.Debug|Any CPU.ActiveCfg = Debug|Any CPU
		{43273191-A449-49A3-A149-4177A9E98FD7}.Debug|Any CPU.Build.0 = Debug|Any CPU
		{43273191-A449-49A3-A149-4177A9E98FD7}.Release|Any CPU.ActiveCfg = Release|Any CPU
		{43273191-A449-49A3-A149-4177A9E98FD7}.Release|Any CPU.Build.0 = Release|Any CPU
		{711D27DD-7D2F-46A0-8392-E88D6B918DEE}.Debug|Any CPU.ActiveCfg = Debug|Any CPU
		{711D27DD-7D2F-46A0-8392-E88D6B918DEE}.Debug|Any CPU.Build.0 = Debug|Any CPU
		{711D27DD-7D2F-46A0-8392-E88D6B918DEE}.Release|Any CPU.ActiveCfg = Release|Any CPU
		{711D27DD-7D2F-46A0-8392-E88D6B918DEE}.Release|Any CPU.Build.0 = Release|Any CPU
		{02095783-AE24-4B76-9287-59F7200E0A95}.Debug|Any CPU.ActiveCfg = Debug|Any CPU
		{02095783-AE24-4B76-9287-59F7200E0A95}.Debug|Any CPU.Build.0 = Debug|Any CPU
		{02095783-AE24-4B76-9287-59F7200E0A95}.Release|Any CPU.ActiveCfg = Release|Any CPU
		{02095783-AE24-4B76-9287-59F7200E0A95}.Release|Any CPU.Build.0 = Release|Any CPU
		{2B9B5A9D-D52D-4D32-B0BE-09F204A9D685}.Debug|Any CPU.ActiveCfg = Debug|Any CPU
		{2B9B5A9D-D52D-4D32-B0BE-09F204A9D685}.Debug|Any CPU.Build.0 = Debug|Any CPU
		{2B9B5A9D-D52D-4D32-B0BE-09F204A9D685}.Release|Any CPU.ActiveCfg = Release|Any CPU
		{2B9B5A9D-D52D-4D32-B0BE-09F204A9D685}.Release|Any CPU.Build.0 = Release|Any CPU
		{9FB421CF-079D-439E-8B65-5521D8877DC8}.Debug|Any CPU.ActiveCfg = Debug|Any CPU
		{9FB421CF-079D-439E-8B65-5521D8877DC8}.Debug|Any CPU.Build.0 = Debug|Any CPU
		{9FB421CF-079D-439E-8B65-5521D8877DC8}.Release|Any CPU.ActiveCfg = Release|Any CPU
		{9FB421CF-079D-439E-8B65-5521D8877DC8}.Release|Any CPU.Build.0 = Release|Any CPU
		{6DC16C28-F468-49A4-AA81-AE3643A8CBBB}.Debug|Any CPU.ActiveCfg = Debug|Any CPU
		{6DC16C28-F468-49A4-AA81-AE3643A8CBBB}.Debug|Any CPU.Build.0 = Debug|Any CPU
		{6DC16C28-F468-49A4-AA81-AE3643A8CBBB}.Release|Any CPU.ActiveCfg = Release|Any CPU
		{6DC16C28-F468-49A4-AA81-AE3643A8CBBB}.Release|Any CPU.Build.0 = Release|Any CPU
		{24D8601D-B4AC-44F0-AFE4-95E79CD5C80E}.Debug|Any CPU.ActiveCfg = Debug|Any CPU
		{24D8601D-B4AC-44F0-AFE4-95E79CD5C80E}.Debug|Any CPU.Build.0 = Debug|Any CPU
		{24D8601D-B4AC-44F0-AFE4-95E79CD5C80E}.Release|Any CPU.ActiveCfg = Release|Any CPU
		{24D8601D-B4AC-44F0-AFE4-95E79CD5C80E}.Release|Any CPU.Build.0 = Release|Any CPU
		{C61C9382-E0F4-40D3-9161-4A912BB122AE}.Debug|Any CPU.ActiveCfg = Debug|Any CPU
		{C61C9382-E0F4-40D3-9161-4A912BB122AE}.Debug|Any CPU.Build.0 = Debug|Any CPU
		{C61C9382-E0F4-40D3-9161-4A912BB122AE}.Release|Any CPU.ActiveCfg = Release|Any CPU
		{C61C9382-E0F4-40D3-9161-4A912BB122AE}.Release|Any CPU.Build.0 = Release|Any CPU
		{45C2E19D-4A3E-4A83-B6C6-0E61A64050B4}.Debug|Any CPU.ActiveCfg = Debug|Any CPU
		{45C2E19D-4A3E-4A83-B6C6-0E61A64050B4}.Debug|Any CPU.Build.0 = Debug|Any CPU
		{45C2E19D-4A3E-4A83-B6C6-0E61A64050B4}.Release|Any CPU.ActiveCfg = Release|Any CPU
		{45C2E19D-4A3E-4A83-B6C6-0E61A64050B4}.Release|Any CPU.Build.0 = Release|Any CPU
		{143D4B47-549B-43C5-AE06-3194CE38B6C6}.Debug|Any CPU.ActiveCfg = Debug|Any CPU
		{143D4B47-549B-43C5-AE06-3194CE38B6C6}.Debug|Any CPU.Build.0 = Debug|Any CPU
		{143D4B47-549B-43C5-AE06-3194CE38B6C6}.Release|Any CPU.ActiveCfg = Release|Any CPU
		{143D4B47-549B-43C5-AE06-3194CE38B6C6}.Release|Any CPU.Build.0 = Release|Any CPU
		{B229ED01-D3F8-4181-89B3-4C54DAFD4E35}.Debug|Any CPU.ActiveCfg = Debug|Any CPU
		{B229ED01-D3F8-4181-89B3-4C54DAFD4E35}.Debug|Any CPU.Build.0 = Debug|Any CPU
		{B229ED01-D3F8-4181-89B3-4C54DAFD4E35}.Release|Any CPU.ActiveCfg = Release|Any CPU
		{B229ED01-D3F8-4181-89B3-4C54DAFD4E35}.Release|Any CPU.Build.0 = Release|Any CPU
		{2DA5B093-83F7-41E3-B1D0-A99C8CE36E4C}.Debug|Any CPU.ActiveCfg = Debug|Any CPU
		{2DA5B093-83F7-41E3-B1D0-A99C8CE36E4C}.Debug|Any CPU.Build.0 = Debug|Any CPU
		{2DA5B093-83F7-41E3-B1D0-A99C8CE36E4C}.Release|Any CPU.ActiveCfg = Release|Any CPU
		{2DA5B093-83F7-41E3-B1D0-A99C8CE36E4C}.Release|Any CPU.Build.0 = Release|Any CPU
		{AADB6323-6B8B-4E20-91D1-9D3C265F2E25}.Debug|Any CPU.ActiveCfg = Debug|Any CPU
		{AADB6323-6B8B-4E20-91D1-9D3C265F2E25}.Debug|Any CPU.Build.0 = Debug|Any CPU
		{AADB6323-6B8B-4E20-91D1-9D3C265F2E25}.Release|Any CPU.ActiveCfg = Release|Any CPU
		{AADB6323-6B8B-4E20-91D1-9D3C265F2E25}.Release|Any CPU.Build.0 = Release|Any CPU
		{F34D055A-A9E4-40A5-BC4B-1A854769D9E7}.Debug|Any CPU.ActiveCfg = Debug|Any CPU
		{F34D055A-A9E4-40A5-BC4B-1A854769D9E7}.Debug|Any CPU.Build.0 = Debug|Any CPU
		{F34D055A-A9E4-40A5-BC4B-1A854769D9E7}.Release|Any CPU.ActiveCfg = Release|Any CPU
		{F34D055A-A9E4-40A5-BC4B-1A854769D9E7}.Release|Any CPU.Build.0 = Release|Any CPU
		{7853DFE8-5B1E-49C6-A556-387A2A40F92F}.Debug|Any CPU.ActiveCfg = Debug|Any CPU
		{7853DFE8-5B1E-49C6-A556-387A2A40F92F}.Debug|Any CPU.Build.0 = Debug|Any CPU
		{7853DFE8-5B1E-49C6-A556-387A2A40F92F}.Release|Any CPU.ActiveCfg = Release|Any CPU
		{7853DFE8-5B1E-49C6-A556-387A2A40F92F}.Release|Any CPU.Build.0 = Release|Any CPU
		{95C90CBF-D411-4BC4-821A-1FB7AE19FD1B}.Debug|Any CPU.ActiveCfg = Debug|Any CPU
		{95C90CBF-D411-4BC4-821A-1FB7AE19FD1B}.Debug|Any CPU.Build.0 = Debug|Any CPU
		{95C90CBF-D411-4BC4-821A-1FB7AE19FD1B}.Release|Any CPU.ActiveCfg = Release|Any CPU
		{95C90CBF-D411-4BC4-821A-1FB7AE19FD1B}.Release|Any CPU.Build.0 = Release|Any CPU
		{D42C984A-4DC9-4152-9BA5-9AD51632F7F7}.Debug|Any CPU.ActiveCfg = Debug|Any CPU
		{D42C984A-4DC9-4152-9BA5-9AD51632F7F7}.Debug|Any CPU.Build.0 = Debug|Any CPU
		{D42C984A-4DC9-4152-9BA5-9AD51632F7F7}.Release|Any CPU.ActiveCfg = Release|Any CPU
		{D42C984A-4DC9-4152-9BA5-9AD51632F7F7}.Release|Any CPU.Build.0 = Release|Any CPU
		{CFEAF4E0-0030-4113-80B2-EE7C34090DEC}.Debug|Any CPU.ActiveCfg = Debug|Any CPU
		{CFEAF4E0-0030-4113-80B2-EE7C34090DEC}.Debug|Any CPU.Build.0 = Debug|Any CPU
		{CFEAF4E0-0030-4113-80B2-EE7C34090DEC}.Release|Any CPU.ActiveCfg = Release|Any CPU
		{CFEAF4E0-0030-4113-80B2-EE7C34090DEC}.Release|Any CPU.Build.0 = Release|Any CPU
		{8DA9A7BD-CA45-49A0-B4FB-ACEBE8AA051F}.Debug|Any CPU.ActiveCfg = Debug|Any CPU
		{8DA9A7BD-CA45-49A0-B4FB-ACEBE8AA051F}.Debug|Any CPU.Build.0 = Debug|Any CPU
		{8DA9A7BD-CA45-49A0-B4FB-ACEBE8AA051F}.Release|Any CPU.ActiveCfg = Release|Any CPU
		{8DA9A7BD-CA45-49A0-B4FB-ACEBE8AA051F}.Release|Any CPU.Build.0 = Release|Any CPU
		{72D016D1-28DE-4BB0-835C-BCA3E14F737B}.Debug|Any CPU.ActiveCfg = Debug|Any CPU
		{72D016D1-28DE-4BB0-835C-BCA3E14F737B}.Debug|Any CPU.Build.0 = Debug|Any CPU
		{72D016D1-28DE-4BB0-835C-BCA3E14F737B}.Release|Any CPU.ActiveCfg = Release|Any CPU
		{72D016D1-28DE-4BB0-835C-BCA3E14F737B}.Release|Any CPU.Build.0 = Release|Any CPU
		{0F519C96-C189-4E1D-B08E-38688238F5E3}.Debug|Any CPU.ActiveCfg = Debug|Any CPU
		{0F519C96-C189-4E1D-B08E-38688238F5E3}.Debug|Any CPU.Build.0 = Debug|Any CPU
		{0F519C96-C189-4E1D-B08E-38688238F5E3}.Release|Any CPU.ActiveCfg = Release|Any CPU
		{0F519C96-C189-4E1D-B08E-38688238F5E3}.Release|Any CPU.Build.0 = Release|Any CPU
		{D0F8D611-CD15-4897-9004-89F133FCBB89}.Debug|Any CPU.ActiveCfg = Debug|Any CPU
		{D0F8D611-CD15-4897-9004-89F133FCBB89}.Debug|Any CPU.Build.0 = Debug|Any CPU
		{D0F8D611-CD15-4897-9004-89F133FCBB89}.Release|Any CPU.ActiveCfg = Release|Any CPU
		{D0F8D611-CD15-4897-9004-89F133FCBB89}.Release|Any CPU.Build.0 = Release|Any CPU
		{73A39358-1180-483E-B26A-F517092F8527}.Debug|Any CPU.ActiveCfg = Debug|Any CPU
		{73A39358-1180-483E-B26A-F517092F8527}.Debug|Any CPU.Build.0 = Debug|Any CPU
		{73A39358-1180-483E-B26A-F517092F8527}.Release|Any CPU.ActiveCfg = Release|Any CPU
		{73A39358-1180-483E-B26A-F517092F8527}.Release|Any CPU.Build.0 = Release|Any CPU
		{CF147E83-A84B-425E-A88F-E9735D251716}.Debug|Any CPU.ActiveCfg = Debug|Any CPU
		{CF147E83-A84B-425E-A88F-E9735D251716}.Debug|Any CPU.Build.0 = Debug|Any CPU
		{CF147E83-A84B-425E-A88F-E9735D251716}.Release|Any CPU.ActiveCfg = Release|Any CPU
		{CF147E83-A84B-425E-A88F-E9735D251716}.Release|Any CPU.Build.0 = Release|Any CPU
		{4D8C362F-B1D9-43E7-BADA-179C52671BDC}.Debug|Any CPU.ActiveCfg = Debug|Any CPU
		{4D8C362F-B1D9-43E7-BADA-179C52671BDC}.Debug|Any CPU.Build.0 = Debug|Any CPU
		{4D8C362F-B1D9-43E7-BADA-179C52671BDC}.Release|Any CPU.ActiveCfg = Release|Any CPU
		{4D8C362F-B1D9-43E7-BADA-179C52671BDC}.Release|Any CPU.Build.0 = Release|Any CPU
		{58FE1906-9B00-41B4-BB01-00EF6744974A}.Debug|Any CPU.ActiveCfg = Debug|Any CPU
		{58FE1906-9B00-41B4-BB01-00EF6744974A}.Debug|Any CPU.Build.0 = Debug|Any CPU
		{58FE1906-9B00-41B4-BB01-00EF6744974A}.Release|Any CPU.ActiveCfg = Release|Any CPU
		{58FE1906-9B00-41B4-BB01-00EF6744974A}.Release|Any CPU.Build.0 = Release|Any CPU
		{90439CED-C065-4DE0-BF73-AA2232DDAB2C}.Debug|Any CPU.ActiveCfg = Debug|Any CPU
		{90439CED-C065-4DE0-BF73-AA2232DDAB2C}.Debug|Any CPU.Build.0 = Debug|Any CPU
		{90439CED-C065-4DE0-BF73-AA2232DDAB2C}.Release|Any CPU.ActiveCfg = Release|Any CPU
		{90439CED-C065-4DE0-BF73-AA2232DDAB2C}.Release|Any CPU.Build.0 = Release|Any CPU
		{01F2B933-8927-47C6-988D-964E39470C80}.Debug|Any CPU.ActiveCfg = Debug|Any CPU
		{01F2B933-8927-47C6-988D-964E39470C80}.Debug|Any CPU.Build.0 = Debug|Any CPU
		{01F2B933-8927-47C6-988D-964E39470C80}.Release|Any CPU.ActiveCfg = Release|Any CPU
		{01F2B933-8927-47C6-988D-964E39470C80}.Release|Any CPU.Build.0 = Release|Any CPU
		{4E1DA4C8-D6D5-4CE5-99B4-DF6B4F71D286}.Debug|Any CPU.ActiveCfg = Debug|Any CPU
		{4E1DA4C8-D6D5-4CE5-99B4-DF6B4F71D286}.Debug|Any CPU.Build.0 = Debug|Any CPU
		{4E1DA4C8-D6D5-4CE5-99B4-DF6B4F71D286}.Release|Any CPU.ActiveCfg = Release|Any CPU
		{4E1DA4C8-D6D5-4CE5-99B4-DF6B4F71D286}.Release|Any CPU.Build.0 = Release|Any CPU
		{82A74218-4C23-4D8F-B709-1C4F651E83AB}.Debug|Any CPU.ActiveCfg = Debug|Any CPU
		{82A74218-4C23-4D8F-B709-1C4F651E83AB}.Debug|Any CPU.Build.0 = Debug|Any CPU
		{82A74218-4C23-4D8F-B709-1C4F651E83AB}.Release|Any CPU.ActiveCfg = Release|Any CPU
		{82A74218-4C23-4D8F-B709-1C4F651E83AB}.Release|Any CPU.Build.0 = Release|Any CPU
		{BD20CCEC-4B66-404D-9C12-EE7F92BB6041}.Debug|Any CPU.ActiveCfg = Debug|Any CPU
		{BD20CCEC-4B66-404D-9C12-EE7F92BB6041}.Debug|Any CPU.Build.0 = Debug|Any CPU
		{BD20CCEC-4B66-404D-9C12-EE7F92BB6041}.Release|Any CPU.ActiveCfg = Release|Any CPU
		{BD20CCEC-4B66-404D-9C12-EE7F92BB6041}.Release|Any CPU.Build.0 = Release|Any CPU
		{6E32F114-F531-474C-B67C-6024A8AE6153}.Debug|Any CPU.ActiveCfg = Debug|Any CPU
		{6E32F114-F531-474C-B67C-6024A8AE6153}.Debug|Any CPU.Build.0 = Debug|Any CPU
		{6E32F114-F531-474C-B67C-6024A8AE6153}.Release|Any CPU.ActiveCfg = Release|Any CPU
		{6E32F114-F531-474C-B67C-6024A8AE6153}.Release|Any CPU.Build.0 = Release|Any CPU
		{ACFB0FA5-7237-40B0-8C16-B19F0E6DB3A3}.Debug|Any CPU.ActiveCfg = Debug|Any CPU
		{ACFB0FA5-7237-40B0-8C16-B19F0E6DB3A3}.Debug|Any CPU.Build.0 = Debug|Any CPU
		{ACFB0FA5-7237-40B0-8C16-B19F0E6DB3A3}.Release|Any CPU.ActiveCfg = Release|Any CPU
		{ACFB0FA5-7237-40B0-8C16-B19F0E6DB3A3}.Release|Any CPU.Build.0 = Release|Any CPU
		{1FC59C20-AA2A-4A7C-8D1C-6867BB9E043F}.Debug|Any CPU.ActiveCfg = Debug|Any CPU
		{1FC59C20-AA2A-4A7C-8D1C-6867BB9E043F}.Debug|Any CPU.Build.0 = Debug|Any CPU
		{1FC59C20-AA2A-4A7C-8D1C-6867BB9E043F}.Release|Any CPU.ActiveCfg = Release|Any CPU
		{1FC59C20-AA2A-4A7C-8D1C-6867BB9E043F}.Release|Any CPU.Build.0 = Release|Any CPU
		{53D2DAF4-EBA8-411F-B50F-3B12E95E602D}.Debug|Any CPU.ActiveCfg = Debug|Any CPU
		{53D2DAF4-EBA8-411F-B50F-3B12E95E602D}.Debug|Any CPU.Build.0 = Debug|Any CPU
		{53D2DAF4-EBA8-411F-B50F-3B12E95E602D}.Release|Any CPU.ActiveCfg = Release|Any CPU
		{53D2DAF4-EBA8-411F-B50F-3B12E95E602D}.Release|Any CPU.Build.0 = Release|Any CPU
		{9FC973F7-60DB-48C4-8780-F2831ECB7CEB}.Debug|Any CPU.ActiveCfg = Debug|Any CPU
		{9FC973F7-60DB-48C4-8780-F2831ECB7CEB}.Debug|Any CPU.Build.0 = Debug|Any CPU
		{9FC973F7-60DB-48C4-8780-F2831ECB7CEB}.Release|Any CPU.ActiveCfg = Release|Any CPU
		{9FC973F7-60DB-48C4-8780-F2831ECB7CEB}.Release|Any CPU.Build.0 = Release|Any CPU
	EndGlobalSection
	GlobalSection(SolutionProperties) = preSolution
		HideSolutionNode = FALSE
	EndGlobalSection
	GlobalSection(ExtensibilityGlobals) = postSolution
		SolutionGuid = {C6E1F7C2-EEFF-4539-90B5-531827A90DC0}
	EndGlobalSection
EndGlobal
